
Microsoft Visual Studio Solution File, Format Version 12.00
# Visual Studio Version 17
VisualStudioVersion = 17.9.34616.47
MinimumVisualStudioVersion = 10.0.40219.1
Project("{9A19103F-16F7-4668-BE54-9A1E7A4F7556}") = "ALevelBlazorTemplate", "ALevelBlazorTemplate.csproj", "{6C7905FF-2390-4A54-83C4-A98862CDD7CD}"
EndProject
Global
	GlobalSection(SolutionConfigurationPlatforms) = preSolution
		Debug|Any CPU = Debug|Any CPU
		Release|Any CPU = Release|Any CPU
	EndGlobalSection
	GlobalSection(ProjectConfigurationPlatforms) = postSolution
		{6C7905FF-2390-4A54-83C4-A98862CDD7CD}.Debug|Any CPU.ActiveCfg = Debug|Any CPU
		{6C7905FF-2390-4A54-83C4-A98862CDD7CD}.Debug|Any CPU.Build.0 = Debug|Any CPU
		{6C7905FF-2390-4A54-83C4-A98862CDD7CD}.Release|Any CPU.ActiveCfg = Release|Any CPU
		{6C7905FF-2390-4A54-83C4-A98862CDD7CD}.Release|Any CPU.Build.0 = Release|Any CPU
	EndGlobalSection
	GlobalSection(SolutionProperties) = preSolution
		HideSolutionNode = FALSE
	EndGlobalSection
	GlobalSection(ExtensibilityGlobals) = postSolution
		SolutionGuid = {FB9EACE6-83DE-4C6A-9070-BAEE53EAD9C0}
	EndGlobalSection
EndGlobal
